
Microsoft Visual Studio Solution File, Format Version 12.00
# Visual Studio 15
VisualStudioVersion = 15.0.28010.2026
MinimumVisualStudioVersion = 10.0.40219.1
Project("{9A19103F-16F7-4668-BE54-9A1E7A4F7556}") = "CleanArchitecture.Core", "CleanArchitecture.core\CleanArchitecture.core\CleanArchitecture.Core.csproj", "{33414124-CB4C-4CE5-951F-508C16F59BF4}"
EndProject
Project("{9A19103F-16F7-4668-BE54-9A1E7A4F7556}") = "CleanArchitecture.Infrastructure", "CleanArchitecture.Infrastructure\CleanArchitecture.Infrastructure.csproj", "{90EA947C-1F1C-4F64-BF0E-3BFCEE7F23BA}"
EndProject
Project("{9A19103F-16F7-4668-BE54-9A1E7A4F7556}") = "CleanArchitecture.Web", "CleanArchitecture.Web\CleanArchitecture.Web.csproj", "{0A1B38E0-7E4B-48B3-AA51-768603035C40}"
EndProject
Global
	GlobalSection(SolutionConfigurationPlatforms) = preSolution
		Debug|Any CPU = Debug|Any CPU
		Release|Any CPU = Release|Any CPU
	EndGlobalSection
	GlobalSection(ProjectConfigurationPlatforms) = postSolution
		{33414124-CB4C-4CE5-951F-508C16F59BF4}.Debug|Any CPU.ActiveCfg = Debug|Any CPU
		{33414124-CB4C-4CE5-951F-508C16F59BF4}.Debug|Any CPU.Build.0 = Debug|Any CPU
		{33414124-CB4C-4CE5-951F-508C16F59BF4}.Release|Any CPU.ActiveCfg = Release|Any CPU
		{33414124-CB4C-4CE5-951F-508C16F59BF4}.Release|Any CPU.Build.0 = Release|Any CPU
		{90EA947C-1F1C-4F64-BF0E-3BFCEE7F23BA}.Debug|Any CPU.ActiveCfg = Debug|Any CPU
		{90EA947C-1F1C-4F64-BF0E-3BFCEE7F23BA}.Debug|Any CPU.Build.0 = Debug|Any CPU
		{90EA947C-1F1C-4F64-BF0E-3BFCEE7F23BA}.Release|Any CPU.ActiveCfg = Release|Any CPU
		{90EA947C-1F1C-4F64-BF0E-3BFCEE7F23BA}.Release|Any CPU.Build.0 = Release|Any CPU
		{0A1B38E0-7E4B-48B3-AA51-768603035C40}.Debug|Any CPU.ActiveCfg = Debug|Any CPU
		{0A1B38E0-7E4B-48B3-AA51-768603035C40}.Debug|Any CPU.Build.0 = Debug|Any CPU
		{0A1B38E0-7E4B-48B3-AA51-768603035C40}.Release|Any CPU.ActiveCfg = Release|Any CPU
		{0A1B38E0-7E4B-48B3-AA51-768603035C40}.Release|Any CPU.Build.0 = Release|Any CPU
	EndGlobalSection
	GlobalSection(SolutionProperties) = preSolution
		HideSolutionNode = FALSE
	EndGlobalSection
	GlobalSection(ExtensibilityGlobals) = postSolution
		SolutionGuid = {5BDD2998-4F60-4168-89E7-10E5B58FEDF6}
	EndGlobalSection
EndGlobal
